lockfileVersion: '9.0'

settings:
  autoInstallPeers: true
  excludeLinksFromLockfile: false

importers:

  .:
    devDependencies:
      '@tauri-apps/cli':
        specifier: 2.11.4
        version: 2.11.4

packages:

  '@tauri-apps/cli-darwin-arm64@2.11.4':
    resolution: {integrity: sha512-1ryOF3ZhpZ/nemHV5zVwBQBz9jDGKmKPvWPADOhc83ig0P4bMc2iER4NbC6r9sjeIZ6RVQ4g3RZIYvezhcl4TQ==}
    engines: {node: '>= 10'}
    cpu: [arm64]
    os: [darwin]

  '@tauri-apps/cli-darwin-x64@2.11.4':
    resolution: {integrity: sha512-uFsGQAAfuyz1k/yGLmkWfkBlgKAqZfxqlHmLWx81QU27RJWfmbNHCIq8T8w1e+VClleIuZUjpHWfoE4E3DLo3A==}
    engines: {node: '>= 10'}
    cpu: [x64]
    os: [darwin]

  '@tauri-apps/cli-linux-arm-gnueabihf@2.11.4':
    resolution: {integrity: sha512-IaHZn5CdBL21oUmjiVOS1ctw6Ip1O0pjp70FwOWmYz1myWe0SY96ZIj2FYf7pT0m8bI2h/hrs5ZbEXXh44/MkQ==}
    engines: {node: '>= 10'}
    cpu: [arm]
    os: [linux]

  '@tauri-apps/cli-linux-arm64-gnu@2.11.4':
    resolution: {integrity: sha512-N41/ukTRVe6XSuUTESuFdGeOW2i7k62tK+6gHK5Kd5/q5RPvvi19GaWAVPPb9u95HSGmTChSolBfzynUsssFaA==}
    engines: {node: '>= 10'}
    cpu: [arm64]
    os: [linux]
    libc: [glibc]

  '@tauri-apps/cli-linux-arm64-musl@2.11.4':
    resolution: {integrity: sha512-v277UnT/fB64xAfSroL5N3Km3tLmvATWqJJw/wRI+g6o+HkeD0slyE7gOhNs1MbjE41R7bQOTxMVoL3aomUJmw==}
    engines: {node: '>= 10'}
    cpu: [arm64]
    os: [linux]
    libc: [musl]

  '@tauri-apps/cli-linux-riscv64-gnu@2.11.4':
    resolution: {integrity: sha512-qqgNkQ2u1yZHxjhxsZaxUtRDW8dIqIYm33rx/mzwQv0SfY9x1B+iraj8vWeFiXjjSVVhEMepXSOts1TqPzvXNQ==}
    engines: {node: '>= 10'}
    cpu: [riscv64]
    os: [linux]
    libc: [glibc]

  '@tauri-apps/cli-linux-x64-gnu@2.11.4':
    resolution: {integrity: sha512-2VRNWl84FOH0m2giiDkO2h0QXlcMJeX+zJDpI5kDIQAx6s+geF3v48F4DXfJez4GS/FdoDGnPnw1C2iYGbQ7bQ==}
    engines: {node: '>= 10'}
    cpu: [x64]
    os: [linux]
    libc: [glibc]

  '@tauri-apps/cli-linux-x64-musl@2.11.4':
    resolution: {integrity: sha512-o9GyhYor/nc7xarmwDE3ka2szuW3uuZzXjHWh64Q8YX5AtSgxdQkFWzrY4O8KiGtVNvFBI14H3Q49Qj5TOIP/A==}
    engines: {node: '>= 10'}
    cpu: [x64]
    os: [linux]
    libc: [musl]

  '@tauri-apps/cli-win32-arm64-msvc@2.11.4':
    resolution: {integrity: sha512-ld5Ehb598m0VkYyylRPNeCFsBe/km0jxis6KgMpl3IGY6I/i1RwQXO05I1AsXUXO2WC6AvB/Lw4qTf/asiuEiQ==}
    engines: {node: '>= 10'}
    cpu: [arm64]
    os: [win32]

  '@tauri-apps/cli-win32-ia32-msvc@2.11.4':
    resolution: {integrity: sha512-12Hxi0XX/H5VFxO/bGgHkFWhml9VMgEOu9CidjeCeTNQ1l6fpUlbiGgSP7CLI3PFtW9/FfbeHieZ+kyWK5H7CA==}
    engines: {node: '>= 10'}
    cpu: [ia32]
    os: [win32]

  '@tauri-apps/cli-win32-x64-msvc@2.11.4':
    resolution: {integrity: sha512-+vDiqBIU5dMISg/wNvX3sF+ZHfgJGJ5T0AcO+EHNXV9GGAG+P5fzodlDXD3QdKCRgZxMoCm5PPvj3BqLNjBthw==}
    engines: {node: '>= 10'}
    cpu: [x64]
    os: [win32]

  '@tauri-apps/cli@2.11.4':
    resolution: {integrity: sha512-R8xGtMpwyetawSqm9kYOuMmEqkhUbvcUy8n0aNXIxollKBLESUu5f4Fx+64hgASYm1H+jSWq6jCW6zqTnH6hqQ==}
    engines: {node: '>= 10'}
    hasBin: true

snapshots:

  '@tauri-apps/cli-darwin-arm64@2.11.4':
    optional: true

  '@tauri-apps/cli-darwin-x64@2.11.4':
    optional: true

  '@tauri-apps/cli-linux-arm-gnueabihf@2.11.4':
    optional: true

  '@tauri-apps/cli-linux-arm64-gnu@2.11.4':
    optional: true

  '@tauri-apps/cli-linux-arm64-musl@2.11.4':
    optional: true

  '@tauri-apps/cli-linux-riscv64-gnu@2.11.4':
    optional: true

  '@tauri-apps/cli-linux-x64-gnu@2.11.4':
    optional: true

  '@tauri-apps/cli-linux-x64-musl@2.11.4':
    optional: true

  '@tauri-apps/cli-win32-arm64-msvc@2.11.4':
    optional: true

  '@tauri-apps/cli-win32-ia32-msvc@2.11.4':
    optional: true

  '@tauri-apps/cli-win32-x64-msvc@2.11.4':
    optional: true

  '@tauri-apps/cli@2.11.4':
    optionalDependencies:
      '@tauri-apps/cli-darwin-arm64': 2.11.4
      '@tauri-apps/cli-darwin-x64': 2.11.4
      '@tauri-apps/cli-linux-arm-gnueabihf': 2.11.4
      '@tauri-apps/cli-linux-arm64-gnu': 2.11.4
      '@tauri-apps/cli-linux-arm64-musl': 2.11.4
      '@tauri-apps/cli-linux-riscv64-gnu': 2.11.4
      '@tauri-apps/cli-linux-x64-gnu': 2.11.4
      '@tauri-apps/cli-linux-x64-musl': 2.11.4
      '@tauri-apps/cli-win32-arm64-msvc': 2.11.4
      '@tauri-apps/cli-win32-ia32-msvc': 2.11.4
      '@tauri-apps/cli-win32-x64-msvc': 2.11.4
